
Microsoft Visual Studio Solution File, Format Version 12.00
# Visual Studio Version 17
VisualStudioVersion = 17.5.002.0
MinimumVisualStudioVersion = 10.0.40219.1
Project("{9A19103F-16F7-4668-BE54-9A1E7A4F7556}") = "Web", "Web.csproj", "{CFCBF45F-77C9-48A1-AEEA-A8C0A01F32DB}"
EndProject
Global
	GlobalSection(SolutionConfigurationPlatforms) = preSolution
		Debug|Any CPU = Debug|Any CPU
		Release|Any CPU = Release|Any CPU
	EndGlobalSection
	GlobalSection(ProjectConfigurationPlatforms) = postSolution
		{CFCBF45F-77C9-48A1-AEEA-A8C0A01F32DB}.Debug|Any CPU.ActiveCfg = Debug|Any CPU
		{CFCBF45F-77C9-48A1-AEEA-A8C0A01F32DB}.Debug|Any CPU.Build.0 = Debug|Any CPU
		{CFCBF45F-77C9-48A1-AEEA-A8C0A01F32DB}.Release|Any CPU.ActiveCfg = Release|Any CPU
		{CFCBF45F-77C9-48A1-AEEA-A8C0A01F32DB}.Release|Any CPU.Build.0 = Release|Any CPU
	EndGlobalSection
	GlobalSection(SolutionProperties) = preSolution
		HideSolutionNode = FALSE
	EndGlobalSection
	GlobalSection(ExtensibilityGlobals) = postSolution
		SolutionGuid = {FDDDBD8C-81FB-490B-8902-CD61C0BD3BA1}
	EndGlobalSection
EndGlobal
